
Microsoft Visual Studio Solution File, Format Version 12.00
Project("{FAE04EC0-301F-11D3-BF4B-00C04F79EFBC}") = "CakeBuild", "Herbalist\CakeBuild\CakeBuild.csproj", "{6C159913-5EB2-4206-9FE3-DE9222DC984E}"
EndProject
Project("{FAE04EC0-301F-11D3-BF4B-00C04F79EFBC}") = "Herbalist", "Herbalist\Herbalist\Herbalist.csproj", "{C9BC2ADD-65BF-4BC6-B0B9-36543F1925F3}"
EndProject
Global
	GlobalSection(SolutionConfigurationPlatforms) = preSolution
		Debug|Any CPU = Debug|Any CPU
		Release|Any CPU = Release|Any CPU
	EndGlobalSection
	GlobalSection(ProjectConfigurationPlatforms) = postSolution
		{6C159913-5EB2-4206-9FE3-DE9222DC984E}.Debug|Any CPU.ActiveCfg = Debug|Any CPU
		{6C159913-5EB2-4206-9FE3-DE9222DC984E}.Debug|Any CPU.Build.0 = Debug|Any CPU
		{6C159913-5EB2-4206-9FE3-DE9222DC984E}.Release|Any CPU.ActiveCfg = Release|Any CPU
		{6C159913-5EB2-4206-9FE3-DE9222DC984E}.Release|Any CPU.Build.0 = Release|Any CPU
		{C9BC2ADD-65BF-4BC6-B0B9-36543F1925F3}.Debug|Any CPU.ActiveCfg = Debug|Any CPU
		{C9BC2ADD-65BF-4BC6-B0B9-36543F1925F3}.Debug|Any CPU.Build.0 = Debug|Any CPU
		{C9BC2ADD-65BF-4BC6-B0B9-36543F1925F3}.Release|Any CPU.ActiveCfg = Release|Any CPU
		{C9BC2ADD-65BF-4BC6-B0B9-36543F1925F3}.Release|Any CPU.Build.0 = Release|Any CPU
	EndGlobalSection
EndGlobal
